
Microsoft Visual Studio Solution File, Format Version 12.00
# Visual Studio Version 16
VisualStudioVersion = 16.0.30330.147
MinimumVisualStudioVersion = 10.0.40219.1
Project("{2150E333-8FDC-42A3-9474-1A3956D46DE8}") = "src", "src", "{D3A216B5-CCEE-4BD0-A25F-C7F8EC188C77}"
EndProject
Project("{2150E333-8FDC-42A3-9474-1A3956D46DE8}") = "test", "test", "{C8F6535A-E14F-4384-B982-BDAC822A3A69}"
EndProject
Project("{2150E333-8FDC-42A3-9474-1A3956D46DE8}") = "RetornoTaxa", "RetornoTaxa", "{958F7D9A-B4E7-4D94-AE22-757A5EBDD774}"
EndProject
Project("{2150E333-8FDC-42A3-9474-1A3956D46DE8}") = "CalculaJuros", "CalculaJuros", "{ECDED31E-2C4B-44D2-9AB9-0A276D106F1F}"
EndProject
Project("{2150E333-8FDC-42A3-9474-1A3956D46DE8}") = "RetornoTaxa", "RetornoTaxa", "{BAC21017-2DD0-4F3C-853B-A1ED9B9629DB}"
EndProject
Project("{2150E333-8FDC-42A3-9474-1A3956D46DE8}") = "CalculaJuros", "CalculaJuros", "{1B203ED8-328B-43E7-A70C-E6D6C63AFCE9}"
EndProject
Project("{9A19103F-16F7-4668-BE54-9A1E7A4F7556}") = "CalculaJuros.API", "src\CalculaJuros\CalculaJuros.API\CalculaJuros.API.csproj", "{CA752BD5-29CD-4DA1-B32C-A05AEDBAE6EF}"
EndProject
Project("{9A19103F-16F7-4668-BE54-9A1E7A4F7556}") = "CalculaJuros.Domain", "src\CalculaJuros\CalculaJuros.Domain\CalculaJuros.Domain.csproj", "{A76C3289-5B6A-4841-9FDD-9D9F8922EB26}"
EndProject
Project("{9A19103F-16F7-4668-BE54-9A1E7A4F7556}") = "CalculaJuros.Infra", "src\CalculaJuros\CalculaJuros.Infra\CalculaJuros.Infra.csproj", "{9F14FD40-F287-486D-99D1-F5C66231D53B}"
EndProject
Project("{9A19103F-16F7-4668-BE54-9A1E7A4F7556}") = "RetornoTaxa.API", "src\RetornoTaxa\RetornoTaxa.API\RetornoTaxa.API.csproj", "{F7062C56-E34E-4FCE-BB76-029A8C0BF74B}"
EndProject
Project("{9A19103F-16F7-4668-BE54-9A1E7A4F7556}") = "RetornoTaxa.Domain", "src\RetornoTaxa\RetornoTaxa.Domain\RetornoTaxa.Domain.csproj", "{F27D1136-AF52-43ED-AA76-B9B35E9F1641}"
EndProject
Project("{9A19103F-16F7-4668-BE54-9A1E7A4F7556}") = "RetornoTaxa.Infra", "src\RetornoTaxa\RetornoTaxa.Infra\RetornoTaxa.Infra.csproj", "{F432780A-1CB5-4287-A233-A0FA667CF43B}"
EndProject
Project("{9A19103F-16F7-4668-BE54-9A1E7A4F7556}") = "CalculaJuros.Test", "test\CalculaJuros\CalculaJuros.Test\CalculaJuros.Test.csproj", "{3F0AC533-669F-4429-85B3-A76F680F906F}"
EndProject
Project("{9A19103F-16F7-4668-BE54-9A1E7A4F7556}") = "RetornoTaxa.Test", "test\RetornoTaxa\RetornoTaxa.Test\RetornoTaxa.Test.csproj", "{DE39A890-CFFB-4BF8-8B02-F7A34B913577}"
EndProject
Global
	GlobalSection(SolutionConfigurationPlatforms) = preSolution
		Debug|Any CPU = Debug|Any CPU
		Release|Any CPU = Release|Any CPU
	EndGlobalSection
	GlobalSection(ProjectConfigurationPlatforms) = postSolution
		{CA752BD5-29CD-4DA1-B32C-A05AEDBAE6EF}.Debug|Any CPU.ActiveCfg = Debug|Any CPU
		{CA752BD5-29CD-4DA1-B32C-A05AEDBAE6EF}.Debug|Any CPU.Build.0 = Debug|Any CPU
		{CA752BD5-29CD-4DA1-B32C-A05AEDBAE6EF}.Release|Any CPU.ActiveCfg = Release|Any CPU
		{CA752BD5-29CD-4DA1-B32C-A05AEDBAE6EF}.Release|Any CPU.Build.0 = Release|Any CPU
		{A76C3289-5B6A-4841-9FDD-9D9F8922EB26}.Debug|Any CPU.ActiveCfg = Debug|Any CPU
		{A76C3289-5B6A-4841-9FDD-9D9F8922EB26}.Debug|Any CPU.Build.0 = Debug|Any CPU
		{A76C3289-5B6A-4841-9FDD-9D9F8922EB26}.Release|Any CPU.ActiveCfg = Release|Any CPU
		{A76C3289-5B6A-4841-9FDD-9D9F8922EB26}.Release|Any CPU.Build.0 = Release|Any CPU
		{9F14FD40-F287-486D-99D1-F5C66231D53B}.Debug|Any CPU.ActiveCfg = Debug|Any CPU
		{9F14FD40-F287-486D-99D1-F5C66231D53B}.Debug|Any CPU.Build.0 = Debug|Any CPU
		{9F14FD40-F287-486D-99D1-F5C66231D53B}.Release|Any CPU.ActiveCfg = Release|Any CPU
		{9F14FD40-F287-486D-99D1-F5C66231D53B}.Release|Any CPU.Build.0 = Release|Any CPU
		{F7062C56-E34E-4FCE-BB76-029A8C0BF74B}.Debug|Any CPU.ActiveCfg = Debug|Any CPU
		{F7062C56-E34E-4FCE-BB76-029A8C0BF74B}.Debug|Any CPU.Build.0 = Debug|Any CPU
		{F7062C56-E34E-4FCE-BB76-029A8C0BF74B}.Release|Any CPU.ActiveCfg = Release|Any CPU
		{F7062C56-E34E-4FCE-BB76-029A8C0BF74B}.Release|Any CPU.Build.0 = Release|Any CPU
		{F27D1136-AF52-43ED-AA76-B9B35E9F1641}.Debug|Any CPU.ActiveCfg = Debug|Any CPU
		{F27D1136-AF52-43ED-AA76-B9B35E9F1641}.Debug|Any CPU.Build.0 = Debug|Any CPU
		{F27D1136-AF52-43ED-AA76-B9B35E9F1641}.Release|Any CPU.ActiveCfg = Release|Any CPU
		{F27D1136-AF52-43ED-AA76-B9B35E9F1641}.Release|Any CPU.Build.0 = Release|Any CPU
		{F432780A-1CB5-4287-A233-A0FA667CF43B}.Debug|Any CPU.ActiveCfg = Debug|Any CPU
		{F432780A-1CB5-4287-A233-A0FA667CF43B}.Debug|Any CPU.Build.0 = Debug|Any CPU
		{F432780A-1CB5-4287-A233-A0FA667CF43B}.Release|Any CPU.ActiveCfg = Release|Any CPU
		{F432780A-1CB5-4287-A233-A0FA667CF43B}.Release|Any CPU.Build.0 = Release|Any CPU
		{3F0AC533-669F-4429-85B3-A76F680F906F}.Debug|Any CPU.ActiveCfg = Debug|Any CPU
		{3F0AC533-669F-4429-85B3-A76F680F906F}.Debug|Any CPU.Build.0 = Debug|Any CPU
		{3F0AC533-669F-4429-85B3-A76F680F906F}.Release|Any CPU.ActiveCfg = Release|Any CPU
		{3F0AC533-669F-4429-85B3-A76F680F906F}.Release|Any CPU.Build.0 = Release|Any CPU
		{DE39A890-CFFB-4BF8-8B02-F7A34B913577}.Debug|Any CPU.ActiveCfg = Debug|Any CPU
		{DE39A890-CFFB-4BF8-8B02-F7A34B913577}.Debug|Any CPU.Build.0 = Debug|Any CPU
		{DE39A890-CFFB-4BF8-8B02-F7A34B913577}.Release|Any CPU.ActiveCfg = Release|Any CPU
		{DE39A890-CFFB-4BF8-8B02-F7A34B913577}.Release|Any CPU.Build.0 = Release|Any CPU
	EndGlobalSection
	GlobalSection(SolutionProperties) = preSolution
		HideSolutionNode = FALSE
	EndGlobalSection
	GlobalSection(NestedProjects) = preSolution
		{958F7D9A-B4E7-4D94-AE22-757A5EBDD774} = {D3A216B5-CCEE-4BD0-A25F-C7F8EC188C77}
		{ECDED31E-2C4B-44D2-9AB9-0A276D106F1F} = {D3A216B5-CCEE-4BD0-A25F-C7F8EC188C77}
		{BAC21017-2DD0-4F3C-853B-A1ED9B9629DB} = {C8F6535A-E14F-4384-B982-BDAC822A3A69}
		{1B203ED8-328B-43E7-A70C-E6D6C63AFCE9} = {C8F6535A-E14F-4384-B982-BDAC822A3A69}
		{CA752BD5-29CD-4DA1-B32C-A05AEDBAE6EF} = {ECDED31E-2C4B-44D2-9AB9-0A276D106F1F}
		{A76C3289-5B6A-4841-9FDD-9D9F8922EB26} = {ECDED31E-2C4B-44D2-9AB9-0A276D106F1F}
		{9F14FD40-F287-486D-99D1-F5C66231D53B} = {ECDED31E-2C4B-44D2-9AB9-0A276D106F1F}
		{F7062C56-E34E-4FCE-BB76-029A8C0BF74B} = {958F7D9A-B4E7-4D94-AE22-757A5EBDD774}
		{F27D1136-AF52-43ED-AA76-B9B35E9F1641} = {958F7D9A-B4E7-4D94-AE22-757A5EBDD774}
		{F432780A-1CB5-4287-A233-A0FA667CF43B} = {958F7D9A-B4E7-4D94-AE22-757A5EBDD774}
		{3F0AC533-669F-4429-85B3-A76F680F906F} = {1B203ED8-328B-43E7-A70C-E6D6C63AFCE9}
		{DE39A890-CFFB-4BF8-8B02-F7A34B913577} = {BAC21017-2DD0-4F3C-853B-A1ED9B9629DB}
	EndGlobalSection
	GlobalSection(ExtensibilityGlobals) = postSolution
		SolutionGuid = {75FFD3F0-0EE5-435C-BDAD-9B2A5AC33068}
	EndGlobalSection
EndGlobal
